{
    "_readme": [
        "This file locks the dependencies of your project to a known state",
        "Read more about it at https://getcomposer.org/doc/01-basic-usage.md#composer-lock-the-lock-file",
        "This file is @generated automatically"
    ],
    "content-hash": "01ef30197ac0439b93cb581861b11e52",
    "packages": [
        {
            "name": "Respect/Validation",
            "version": "dev-develop",
            "source": {
                "type": "git",
                "url": "https://github.com/Respect/Validation.git",
                "reference": "06224c04369eec63777da2ce9acf4afee6b92a5d"
            },
            "dist": {
                "type": "zip",
                "url": "https://api.github.com/repos/Respect/Validation/zipball/06224c04369eec63777da2ce9acf4afee6b92a5d",
                "reference": "06224c04369eec63777da2ce9acf4afee6b92a5d",
                "shasum": ""
            },
            "require-dev": {
                "symfony/validator": "2.*",
                "zendframework/zend-validator": "2.*"
            },
            "type": "library",
            "autoload": {
                "psr-0": {
                    "Respect\\Validation": "library/"
                }
            },
            "notification-url": "https://packagist.org/downloads/",
            "license": [
                "BSD Style"
            ],
            "authors": [
                {
                    "name": "Henrique Moody",
                    "email": "henriquemoody@gmail.com",
                    "homepage": "http://henriquemoody.com/"
                },
                {
                    "name": "Alexandre Gaigalas",
                    "email": "alexandre@gaigalas.net"
                },
                {
                    "name": "Carlos André Ferrari",
                    "email": "caferrari@gmail.com"
                },
                {
                    "name": "Devin Torres",
                    "email": "devin@devintorres.com"
                },
                {
                    "name": "Emerson Carvalho",
                    "email": "emerson.broga@gmail.com"
                },
                {
                    "name": "Fábio da Silva Ribeiro",
                    "email": "fabiorphp@gmail.com"
                },
                {
                    "name": "Jair Henrique",
                    "email": "jair.henrique@gmail.com"
                },
                {
                    "name": "Jayson Reis",
                    "email": "santosdosreis@gmail.com"
                },
                {
                    "name": "Jean Pimentel",
                    "email": "jeanfap@gmail.com"
                },
                {
                    "name": "Kleber Hamada Sato",
                    "email": "kleberhs007@yahoo.com"
                },
                {
                    "name": "Leandro",
                    "email": "lleitep3@gmail.com"
                },
                {
                    "name": "Marcelo Araujo",
                    "email": "msaraujo@php.net"
                },
                {
                    "name": "Michael Klishin",
                    "email": "michaelklishin@me.com"
                },
                {
                    "name": "Morf",
                    "email": "i@morfi.ru"
                },
                {
                    "name": "Rogerio Prado de Jesus",
                    "email": "rogeriopradoj@gmail.com"
                },
                {
                    "name": "Torben Brodt",
                    "email": "t.brodt@gmail.com"
                },
                {
                    "name": "Kinn Coelho Julião",
                    "email": "kinncj@gmail.com",
                    "homepage": "http://kinncj.com.br",
                    "role": "Developer"
                },
                {
                    "name": "Augusto Pascutti",
                    "email": "augusto@phpsp.org.br"
                }
            ],
            "description": "The most awesome validation engine ever created for PHP",
            "time": "2013-02-26T00:46:46+00:00"
        },
        {
            "name": "ircmaxell/password-compat",
            "version": "v1.0.4",
            "source": {
                "type": "git",
                "url": "https://github.com/ircmaxell/password_compat.git",
                "reference": "5c5cde8822a69545767f7c7f3058cb15ff84614c"
            },
            "dist": {
                "type": "zip",
                "url": "https://api.github.com/repos/ircmaxell/password_compat/zipball/5c5cde8822a69545767f7c7f3058cb15ff84614c",
                "reference": "5c5cde8822a69545767f7c7f3058cb15ff84614c",
                "shasum": ""
            },
            "require-dev": {
                "phpunit/phpunit": "4.*"
            },
            "type": "library",
            "autoload": {
                "files": [
                    "lib/password.php"
                ]
            },
            "notification-url": "https://packagist.org/downloads/",
            "license": [
                "MIT"
            ],
            "authors": [
                {
                    "name": "Anthony Ferrara",
                    "email": "ircmaxell@php.net",
                    "homepage": "http://blog.ircmaxell.com"
                }
            ],
            "description": "A compatibility library for the proposed simplified password hashing algorithm: https://wiki.php.net/rfc/password_hash",
            "homepage": "https://github.com/ircmaxell/password_compat",
            "keywords": [
                "hashing",
                "password"
            ],
            "time": "2014-11-20T16:49:30+00:00"
        },
        {
            "name": "j4mie/idiorm",
            "version": "v1.5.5",
            "source": {
                "type": "git",
                "url": "https://github.com/j4mie/idiorm.git",
                "reference": "d006418da9bb1fb32313e8de7bf35f9e2696c257"
            },
            "dist": {
                "type": "zip",
                "url": "https://api.github.com/repos/j4mie/idiorm/zipball/d006418da9bb1fb32313e8de7bf35f9e2696c257",
                "reference": "d006418da9bb1fb32313e8de7bf35f9e2696c257",
                "shasum": ""
            },
            "require": {
                "php": ">=5.2.0"
            },
            "require-dev": {
                "ext-pdo_sqlite": "*",
                "phpunit/phpunit": "^4.8"
            },
            "type": "library",
            "autoload": {
                "classmap": [
                    "idiorm.php"
                ]
            },
            "notification-url": "https://packagist.org/downloads/",
            "license": [
                "BSD-2-Clause",
                "BSD-3-Clause",
                "BSD-4-Clause"
            ],
            "authors": [
                {
                    "name": "Simon Holywell",
                    "email": "treffynnon@php.net",
                    "homepage": "http://simonholywell.com",
                    "role": "Maintainer"
                },
                {
                    "name": "Jamie Matthews",
                    "email": "jamie.matthews@gmail.com",
                    "homepage": "http://j4mie.org",
                    "role": "Developer"
                },
                {
                    "name": "Durham Hale",
                    "email": "me@durhamhale.com",
                    "homepage": "http://durhamhale.com",
                    "role": "Maintainer"
                }
            ],
            "description": "A lightweight nearly-zero-configuration object-relational mapper and fluent query builder for PHP5",
            "homepage": "http://j4mie.github.com/idiormandparis",
            "keywords": [
                "idiorm",
                "orm",
                "query builder"
            ],
            "time": "2018-01-05T06:12:59+00:00"
        },
        {
            "name": "j4mie/paris",
            "version": "v1.5.6",
            "source": {
                "type": "git",
                "url": "https://github.com/j4mie/paris.git",
                "reference": "ec43a1f7f59d237c147495d29523da52e375f9e7"
            },
            "dist": {
                "type": "zip",
                "url": "https://api.github.com/repos/j4mie/paris/zipball/ec43a1f7f59d237c147495d29523da52e375f9e7",
                "reference": "ec43a1f7f59d237c147495d29523da52e375f9e7",
                "shasum": ""
            },
            "require": {
                "j4mie/idiorm": "1.5.*",
                "php": ">=5.2.0"
            },
            "require-dev": {
                "phpunit/phpunit": "^4.8"
            },
            "type": "library",
            "autoload": {
                "classmap": [
                    "paris.php"
                ]
            },
            "notification-url": "https://packagist.org/downloads/",
            "license": [
                "BSD-2-Clause",
                "BSD-3-Clause",
                "BSD-4-Clause"
            ],
            "authors": [
                {
                    "name": "Simon Holywell",
                    "email": "treffynnon@php.net",
                    "homepage": "http://simonholywell.com",
                    "role": "Maintainer"
                },
                {
                    "name": "Jamie Matthews",
                    "email": "jamie.matthews@gmail.com",
                    "homepage": "http://j4mie.org",
                    "role": "Developer"
                },
                {
                    "name": "Durham Hale",
                    "email": "me@durhamhale.com",
                    "homepage": "http://durhamhale.com",
                    "role": "Maintainer"
                }
            ],
            "description": "A lightweight Active Record implementation for PHP5, built on top of Idiorm",
            "homepage": "http://j4mie.github.com/idiormandparis",
            "keywords": [
                "Active Record",
                "model",
                "orm",
                "paris"
            ],
            "time": "2017-03-21T02:13:30+00:00"
        },
        {
            "name": "nfreear/composer-suggest",
            "version": "v1.2.0",
            "source": {
                "type": "git",
                "url": "https://github.com/nfreear/composer-suggest.git",
                "reference": "1fe39040955d3f781fe005f9cc562736b169fca8"
            },
            "dist": {
                "type": "zip",
                "url": "https://api.github.com/repos/nfreear/composer-suggest/zipball/1fe39040955d3f781fe005f9cc562736b169fca8",
                "reference": "1fe39040955d3f781fe005f9cc562736b169fca8",
                "shasum": ""
            },
            "require": {
                "composer-plugin-api": "^1.0",
                "php": ">=5.3.3",
                "vlucas/phpdotenv": "^2.4"
            },
            "require-dev": {
                "composer/composer": "^1.0",
                "jakub-onderka/php-parallel-lint": "^0.9.2",
                "squizlabs/php_codesniffer": "2.8.1"
            },
            "suggest": {
                "a/b": "1.0; This package is for [LACE] only",
                "phpunit/phpunit": "~4.0",
                "wikimedia/composer-merge-plugin": "*; Merge one or more additional composer.json files at runtime [LACE]"
            },
            "bin": [
                "bin/suggest"
            ],
            "type": "composer-plugin",
            "extra": {
                "branch-alias": {
                    "dev-master": "1.x-dev"
                },
                "class": "Nfreear\\Composer\\Suggest"
            },
            "autoload": {
                "psr-4": {
                    "Nfreear\\Composer\\": "src/"
                }
            },
            "notification-url": "https://packagist.org/downloads/",
            "license": [
                "MIT"
            ],
            "authors": [
                {
                    "name": "Nick Freear (@nfreear)"
                }
            ],
            "description": "Composer plugin to install a custom group of suggested packages, based on keyword patterns. ' vi .env && composer install '",
            "keywords": [
                "IET-OU",
                "LACE",
                "OpenUniversity",
                "composer-plugin",
                "pattern",
                "regex",
                "suggest"
            ],
            "time": "2017-04-23T22:44:07+00:00"
        },
        {
            "name": "rmccue/requests",
            "version": "v1.7.0",
            "source": {
                "type": "git",
                "url": "https://github.com/rmccue/Requests.git",
                "reference": "87932f52ffad70504d93f04f15690cf16a089546"
            },
            "dist": {
                "type": "zip",
                "url": "https://api.github.com/repos/rmccue/Requests/zipball/87932f52ffad70504d93f04f15690cf16a089546",
                "reference": "87932f52ffad70504d93f04f15690cf16a089546",
                "shasum": ""
            },
            "require": {
                "php": ">=5.2"
            },
            "require-dev": {
                "requests/test-server": "dev-master"
            },
            "type": "library",
            "autoload": {
                "psr-0": {
                    "Requests": "library/"
                }
            },
            "notification-url": "https://packagist.org/downloads/",
            "license": [
                "ISC"
            ],
            "authors": [
                {
                    "name": "Ryan McCue",
                    "homepage": "http://ryanmccue.info"
                }
            ],
            "description": "A HTTP library written in PHP, for human beings.",
            "homepage": "http://github.com/rmccue/Requests",
            "keywords": [
                "curl",
                "fsockopen",
                "http",
                "idna",
                "ipv6",
                "iri",
                "sockets"
            ],
            "time": "2016-10-13T00:11:37+00:00"
        },
        {
            "name": "slim/extras",
            "version": "2.0.3",
            "target-dir": "Slim/Extras",
            "source": {
                "type": "git",
                "url": "https://github.com/codeguy/Slim-Extras.git",
                "reference": "a022ed23dae94e164000acd891e3394d903f9623"
            },
            "dist": {
                "type": "zip",
                "url": "https://api.github.com/repos/codeguy/Slim-Extras/zipball/a022ed23dae94e164000acd891e3394d903f9623",
                "reference": "a022ed23dae94e164000acd891e3394d903f9623",
                "shasum": ""
            },
            "require": {
                "php": ">=5.3.0",
                "slim/slim": ">=2.0.0"
            },
            "type": "library",
            "autoload": {
                "psr-0": {
                    "Twig_Extensions_": "Views/Extension/",
                    "Slim\\Extras": "."
                }
            },
            "notification-url": "https://packagist.org/downloads/",
            "license": [
                "MIT"
            ],
            "authors": [
                {
                    "name": "Andrew Smith",
                    "email": "a.smith@silentworks.co.uk",
                    "homepage": "http://www.silentworks.co.uk/"
                },
                {
                    "name": "Josh Lockhart",
                    "email": "info@joshlockhart.com",
                    "homepage": "http://www.joshlockhart.com/"
                }
            ],
            "description": "Extras package for the Slim Framework",
            "homepage": "http://github.com/codeguy/Slim-Extras",
            "keywords": [
                "extensions",
                "middleware",
                "templating"
            ],
            "time": "2013-01-07T17:56:10+00:00"
        },
        {
            "name": "slim/slim",
            "version": "2.2.0",
            "source": {
                "type": "git",
                "url": "https://github.com/slimphp/Slim.git",
                "reference": "b8181de1112a1e2f565b40158b621c34ded38053"
            },
            "dist": {
                "type": "zip",
                "url": "https://api.github.com/repos/slimphp/Slim/zipball/b8181de1112a1e2f565b40158b621c34ded38053",
                "reference": "b8181de1112a1e2f565b40158b621c34ded38053",
                "shasum": ""
            },
            "require": {
                "php": ">=5.3.0"
            },
            "type": "library",
            "autoload": {
                "psr-0": {
                    "Slim": "."
                }
            },
            "notification-url": "https://packagist.org/downloads/",
            "license": [
                "MIT"
            ],
            "authors": [
                {
                    "name": "Josh Lockhart",
                    "email": "info@joshlockhart.com",
                    "homepage": "http://www.joshlockhart.com/"
                }
            ],
            "description": "Slim Framework, a PHP micro framework",
            "homepage": "http://github.com/codeguy/Slim",
            "keywords": [
                "microframework",
                "rest",
                "router"
            ],
            "time": "2012-12-13T02:15:50+00:00"
        },
        {
            "name": "slim/strong",
            "version": "dev-develop",
            "source": {
                "type": "git",
                "url": "https://github.com/silentworks/Strong.git",
                "reference": "1af2dc2f49f14521"
            },
            "dist": {
                "type": "zip",
                "url": "https://api.github.com/repos/silentworks/Strong/zipball/1af2dc2f49f14521",
                "reference": "1af2dc2f49f14521",
                "shasum": ""
            },
            "require": {
                "ircmaxell/password-compat": "1.0.*",
                "php": ">=5.3.0"
            },
            "type": "library",
            "autoload": {
                "psr-0": {
                    "Strong": "src/"
                }
            },
            "notification-url": "https://packagist.org/downloads/",
            "license": [
                "MIT"
            ],
            "authors": [
                {
                    "name": "Andrew Smith",
                    "email": "a.smith@silentworks.co.uk",
                    "homepage": "http://www.silentworks.co.uk/"
                },
                {
                    "name": "Jakub Westfalewski",
                    "email": "jwest@jwest.pl",
                    "homepage": "http://jwest.pl/"
                }
            ],
            "description": "Authentication Library with multiple drivers",
            "homepage": "http://github.com/silentworks/Strong",
            "keywords": [
                "Authentication",
                "extensions"
            ],
            "abandoned": true,
            "time": "2012-12-31T10:57:13+00:00"
        },
        {
            "name": "twig/twig",
            "version": "v1.35.0",
            "source": {
                "type": "git",
                "url": "https://github.com/twigphp/Twig.git",
                "reference": "daa657073e55b0a78cce8fdd22682fddecc6385f"
            },
            "dist": {
                "type": "zip",
                "url": "https://api.github.com/repos/twigphp/Twig/zipball/daa657073e55b0a78cce8fdd22682fddecc6385f",
                "reference": "daa657073e55b0a78cce8fdd22682fddecc6385f",
                "shasum": ""
            },
            "require": {
                "php": ">=5.3.3"
            },
            "require-dev": {
                "psr/container": "^1.0",
                "symfony/debug": "~2.7",
                "symfony/phpunit-bridge": "~3.3@dev"
            },
            "type": "library",
            "extra": {
                "branch-alias": {
                    "dev-master": "1.35-dev"
                }
            },
            "autoload": {
                "psr-0": {
                    "Twig_": "lib/"
                },
                "psr-4": {
                    "Twig\\": "src/"
                }
            },
            "notification-url": "https://packagist.org/downloads/",
            "license": [
                "BSD-3-Clause"
            ],
            "authors": [
                {
                    "name": "Fabien Potencier",
                    "email": "fabien@symfony.com",
                    "homepage": "http://fabien.potencier.org",
                    "role": "Lead Developer"
                },
                {
                    "name": "Armin Ronacher",
                    "email": "armin.ronacher@active-4.com",
                    "role": "Project Founder"
                },
                {
                    "name": "Twig Team",
                    "homepage": "http://twig.sensiolabs.org/contributors",
                    "role": "Contributors"
                }
            ],
            "description": "Twig, the flexible, fast, and secure template language for PHP",
            "homepage": "http://twig.sensiolabs.org",
            "keywords": [
                "templating"
            ],
            "time": "2017-09-27T18:06:46+00:00"
        },
        {
            "name": "vlucas/phpdotenv",
            "version": "v2.4.0",
            "source": {
                "type": "git",
                "url": "https://github.com/vlucas/phpdotenv.git",
                "reference": "3cc116adbe4b11be5ec557bf1d24dc5e3a21d18c"
            },
            "dist": {
                "type": "zip",
                "url": "https://api.github.com/repos/vlucas/phpdotenv/zipball/3cc116adbe4b11be5ec557bf1d24dc5e3a21d18c",
                "reference": "3cc116adbe4b11be5ec557bf1d24dc5e3a21d18c",
                "shasum": ""
            },
            "require": {
                "php": ">=5.3.9"
            },
            "require-dev": {
                "phpunit/phpunit": "^4.8 || ^5.0"
            },
            "type": "library",
            "extra": {
                "branch-alias": {
                    "dev-master": "2.4-dev"
                }
            },
            "autoload": {
                "psr-4": {
                    "Dotenv\\": "src/"
                }
            },
            "notification-url": "https://packagist.org/downloads/",
            "license": [
                "BSD-3-Clause-Attribution"
            ],
            "authors": [
                {
                    "name": "Vance Lucas",
                    "email": "vance@vancelucas.com",
                    "homepage": "http://www.vancelucas.com"
                }
            ],
            "description": "Loads environment variables from `.env` to `getenv()`, `$_ENV` and `$_SERVER` automagically.",
            "keywords": [
                "dotenv",
                "env",
                "environment"
            ],
            "time": "2016-09-01T10:05:43+00:00"
        }
    ],
    "packages-dev": [
        {
            "name": "clio/clio",
            "version": "0.1.8",
            "source": {
                "type": "git",
                "url": "https://github.com/nramenta/clio.git",
                "reference": "6a9f600b73fa213e817d5c1e67a4641aecd156ef"
            },
            "dist": {
                "type": "zip",
                "url": "https://api.github.com/repos/nramenta/clio/zipball/6a9f600b73fa213e817d5c1e67a4641aecd156ef",
                "reference": "6a9f600b73fa213e817d5c1e67a4641aecd156ef",
                "shasum": ""
            },
            "require": {
                "php": ">=5.3.2"
            },
            "type": "library",
            "autoload": {
                "psr-0": {
                    "Clio": "src/"
                }
            },
            "notification-url": "https://packagist.org/downloads/",
            "license": [
                "MIT"
            ],
            "authors": [
                {
                    "name": "Nofriandi Ramenta",
                    "email": "nramenta@gmail.com"
                }
            ],
            "description": "Lightweight utility and helper classes for CLI applications",
            "keywords": [
                "cli",
                "console",
                "daemon"
            ],
            "time": "2014-06-22T14:49:41+00:00"
        },
        {
            "name": "jakub-onderka/php-parallel-lint",
            "version": "v0.9.2",
            "source": {
                "type": "git",
                "url": "https://github.com/JakubOnderka/PHP-Parallel-Lint.git",
                "reference": "2ead2e4043ab125bee9554f356e0a86742c2d4fa"
            },
            "dist": {
                "type": "zip",
                "url": "https://api.github.com/repos/JakubOnderka/PHP-Parallel-Lint/zipball/2ead2e4043ab125bee9554f356e0a86742c2d4fa",
                "reference": "2ead2e4043ab125bee9554f356e0a86742c2d4fa",
                "shasum": ""
            },
            "require": {
                "php": ">=5.3.3"
            },
            "require-dev": {
                "jakub-onderka/php-console-highlighter": "~0.3",
                "nette/tester": "~1.3"
            },
            "suggest": {
                "jakub-onderka/php-console-highlighter": "Highlight syntax in code snippet"
            },
            "bin": [
                "parallel-lint"
            ],
            "type": "library",
            "autoload": {
                "classmap": [
                    "./"
                ]
            },
            "notification-url": "https://packagist.org/downloads/",
            "license": [
                "BSD-2-Clause"
            ],
            "authors": [
                {
                    "name": "Jakub Onderka",
                    "email": "jakub.onderka@gmail.com"
                }
            ],
            "description": "This tool check syntax of PHP files about 20x faster than serial check.",
            "homepage": "https://github.com/JakubOnderka/PHP-Parallel-Lint",
            "time": "2015-12-15T10:42:16+00:00"
        }
    ],
    "aliases": [],
    "minimum-stability": "alpha",
    "stability-flags": {
        "slim/strong": 20,
        "respect/validation": 20
    },
    "prefer-stable": true,
    "prefer-lowest": false,
    "platform": {
        "php": ">=5.5.9"
    },
    "platform-dev": []
}
